
Microsoft Visual Studio Solution File, Format Version 12.00
# Visual Studio Version 17
VisualStudioVersion = 17.9.34622.214
MinimumVisualStudioVersion = 10.0.40219.1
Project("{FAE04EC0-301F-11D3-BF4B-00C04F79EFBC}") = "destructor task 05.10.2024", "destructor task 05.10.2024\destructor task 05.10.2024.csproj", "{CC0532CF-531E-4825-9684-E69A8655D433}"
EndProject
Global
	GlobalSection(SolutionConfigurationPlatforms) = preSolution
		Debug|Any CPU = Debug|Any CPU
		Release|Any CPU = Release|Any CPU
	EndGlobalSection
	GlobalSection(ProjectConfigurationPlatforms) = postSolution
		{CC0532CF-531E-4825-9684-E69A8655D433}.Debug|Any CPU.ActiveCfg = Debug|Any CPU
		{CC0532CF-531E-4825-9684-E69A8655D433}.Debug|Any CPU.Build.0 = Debug|Any CPU
		{CC0532CF-531E-4825-9684-E69A8655D433}.Release|Any CPU.ActiveCfg = Release|Any CPU
		{CC0532CF-531E-4825-9684-E69A8655D433}.Release|Any CPU.Build.0 = Release|Any CPU
	EndGlobalSection
	GlobalSection(SolutionProperties) = preSolution
		HideSolutionNode = FALSE
	EndGlobalSection
	GlobalSection(ExtensibilityGlobals) = postSolution
		SolutionGuid = {AA5B0E2C-B264-444C-AA7D-FF88F81644E8}
	EndGlobalSection
EndGlobal
